
Microsoft Visual Studio Solution File, Format Version 12.00
# Visual Studio Version 16
VisualStudioVersion = 16.0.29306.81
MinimumVisualStudioVersion = 10.0.40219.1
Project("{FAE04EC0-301F-11D3-BF4B-00C04F79EFBC}") = "randomLine", "randomLine\randomLine.csproj", "{872DFD30-EC94-4AA2-942A-ACDA4D6081C8}"
EndProject
Global
	GlobalSection(SolutionConfigurationPlatforms) = preSolution
		Debug|Any CPU = Debug|Any CPU
		Release|Any CPU = Release|Any CPU
	EndGlobalSection
	GlobalSection(ProjectConfigurationPlatforms) = postSolution
		{872DFD30-EC94-4AA2-942A-ACDA4D6081C8}.Debug|Any CPU.ActiveCfg = Debug|Any CPU
		{872DFD30-EC94-4AA2-942A-ACDA4D6081C8}.Debug|Any CPU.Build.0 = Debug|Any CPU
		{872DFD30-EC94-4AA2-942A-ACDA4D6081C8}.Release|Any CPU.ActiveCfg = Release|Any CPU
		{872DFD30-EC94-4AA2-942A-ACDA4D6081C8}.Release|Any CPU.Build.0 = Release|Any CPU
	EndGlobalSection
	GlobalSection(SolutionProperties) = preSolution
		HideSolutionNode = FALSE
	EndGlobalSection
	GlobalSection(ExtensibilityGlobals) = postSolution
		SolutionGuid = {E288A811-AE88-475A-9895-F72A18DE111D}
	EndGlobalSection
EndGlobal
